# THIS IS AN AUTOGENERATED FILE. DO NOT EDIT THIS FILE DIRECTLY.
# yarn lockfile v1


golden-layout@^2.4.0:
  version "2.4.0"
  resolved "https://registry.yarnpkg.com/golden-layout/-/golden-layout-2.4.0.tgz#59a6d5cb0051491bdf6de6f9b70a5589f775d37e"
  integrity sha512-60WK1SF5gl3v4tDQqIsFYKHAi4WDgy5vzZBcF3MPJEbXT557HiEYlUB5064yTMM4iztcSwHEINif8hz45OufUg==

jQuery@^1.7.4:
  version "1.7.4"
  resolved "https://registry.yarnpkg.com/jQuery/-/jQuery-1.7.4.tgz#f32dc5c85a7044ee864b4443b9ee45f9478ba137"
  integrity sha1-8y3FyFpwRO6GS0RDue5F+UeLoTc=
